
Microsoft Visual Studio Solution File, Format Version 12.00
# Visual Studio Version 17
VisualStudioVersion = 17.5.33627.172
MinimumVisualStudioVersion = 10.0.40219.1
Project("{FAE04EC0-301F-11D3-BF4B-00C04F79EFBC}") = "Manipulacao_De_Strings", "Manipulacao_De_Strings\Manipulacao_De_Strings.csproj", "{EB2EDF94-5D0B-4469-B670-8BB2270FAA5E}"
EndProject
Global
	GlobalSection(SolutionConfigurationPlatforms) = preSolution
		Debug|Any CPU = Debug|Any CPU
		Release|Any CPU = Release|Any CPU
	EndGlobalSection
	GlobalSection(ProjectConfigurationPlatforms) = postSolution
		{EB2EDF94-5D0B-4469-B670-8BB2270FAA5E}.Debug|Any CPU.ActiveCfg = Debug|Any CPU
		{EB2EDF94-5D0B-4469-B670-8BB2270FAA5E}.Debug|Any CPU.Build.0 = Debug|Any CPU
		{EB2EDF94-5D0B-4469-B670-8BB2270FAA5E}.Release|Any CPU.ActiveCfg = Release|Any CPU
		{EB2EDF94-5D0B-4469-B670-8BB2270FAA5E}.Release|Any CPU.Build.0 = Release|Any CPU
	EndGlobalSection
	GlobalSection(SolutionProperties) = preSolution
		HideSolutionNode = FALSE
	EndGlobalSection
	GlobalSection(ExtensibilityGlobals) = postSolution
		SolutionGuid = {36A03E16-4154-43D1-8BC3-4A071E37A966}
	EndGlobalSection
EndGlobal
